// !$*UTF8*$!
{
	archiveVersion = 1;
	classes = {
	};
	objectVersion = 51;
	objects = {

/* Begin PBXBuildFile section */
		125739F5379C6D351E7B87D3 /* Pods_BakingChat_BakingChatUITests.framework in Frameworks */ = {isa = PBXBuildFile; fileRef = 566E1B81F8C7AC4D4720E481 /* Pods_BakingChat_BakingChatUITests.framework */; };
		1B2A2E6A266C8491002AF0D3 /* SimpleConfirmAlertController.swift in Sources */ = {isa = PBXBuildFile; fileRef = 1B2A2E69266C8491002AF0D3 /* SimpleConfirmAlertController.swift */; };
		1B2A2E6C266C975B002AF0D3 /* SimpleConfirmAlertController.xib in Resources */ = {isa = PBXBuildFile; fileRef = 1B2A2E6B266C975A002AF0D3 /* SimpleConfirmAlertController.xib */; };
		1B5B6EE42665F0CC00ABD0BB /* ChatRoomTableViewCell.swift in Sources */ = {isa = PBXBuildFile; fileRef = 1B5B6EE32665F0CC00ABD0BB /* ChatRoomTableViewCell.swift */; };
		1B5B6EE62665F3FF00ABD0BB /* SearchMemberViewController.swift in Sources */ = {isa = PBXBuildFile; fileRef = 1B5B6EE52665F3FF00ABD0BB /* SearchMemberViewController.swift */; };
		1B5B6EE82665F43E00ABD0BB /* CreateChatRoomViewController.swift in Sources */ = {isa = PBXBuildFile; fileRef = 1B5B6EE72665F43E00ABD0BB /* CreateChatRoomViewController.swift */; };
		1B5B6EEA2665FB1A00ABD0BB /* SearchMemberTableViewCell.swift in Sources */ = {isa = PBXBuildFile; fileRef = 1B5B6EE92665FB1A00ABD0BB /* SearchMemberTableViewCell.swift */; };
		1B5B6EEC2665FFFD00ABD0BB /* CreateChatRoomTableViewCell.swift in Sources */ = {isa = PBXBuildFile; fileRef = 1B5B6EEB2665FFFD00ABD0BB /* CreateChatRoomTableViewCell.swift */; };
		1B5B6EEE2666FC0200ABD0BB /* Date+Extension.swift in Sources */ = {isa = PBXBuildFile; fileRef = 1B5B6EED2666FC0200ABD0BB /* Date+Extension.swift */; };
		1B5B6EF2266727A800ABD0BB /* MainNavigationViewController.swift in Sources */ = {isa = PBXBuildFile; fileRef = 1B5B6EF1266727A800ABD0BB /* MainNavigationViewController.swift */; };
		1B5B6EF72668670A00ABD0BB /* CustomView.swift in Sources */ = {isa = PBXBuildFile; fileRef = 1B5B6EF62668670A00ABD0BB /* CustomView.swift */; };
		1B5B6EFB266A03BB00ABD0BB /* README.md in Resources */ = {isa = PBXBuildFile; fileRef = 1B5B6EFA266A03BB00ABD0BB /* README.md */; };
		1B5B6EFD266A044700ABD0BB /* .gitignore in Resources */ = {isa = PBXBuildFile; fileRef = 1B5B6EFC266A044700ABD0BB /* .gitignore */; };
		1BA8F9782664CF7200FB4009 /* AppDelegate.swift in Sources */ = {isa = PBXBuildFile; fileRef = 1BA8F9772664CF7200FB4009 /* AppDelegate.swift */; };
		1BA8F97A2664CF7200FB4009 /* SceneDelegate.swift in Sources */ = {isa = PBXBuildFile; fileRef = 1BA8F9792664CF7200FB4009 /* SceneDelegate.swift */; };
		1BA8F97C2664CF7200FB4009 /* ViewController.swift in Sources */ = {isa = PBXBuildFile; fileRef = 1BA8F97B2664CF7200FB4009 /* ViewController.swift */; };
		1BA8F97F2664CF7200FB4009 /* Main.storyboard in Resources */ = {isa = PBXBuildFile; fileRef = 1BA8F97D2664CF7200FB4009 /* Main.storyboard */; };
		1BA8F9812664CF7400FB4009 /* Assets.xcassets in Resources */ = {isa = PBXBuildFile; fileRef = 1BA8F9802664CF7400FB4009 /* Assets.xcassets */; };
		1BA8F9842664CF7400FB4009 /* LaunchScreen.storyboard in Resources */ = {isa = PBXBuildFile; fileRef = 1BA8F9822664CF7400FB4009 /* LaunchScreen.storyboard */; };
		1BA8F98F2664CF7400FB4009 /* BakingChatTests.swift in Sources */ = {isa = PBXBuildFile; fileRef = 1BA8F98E2664CF7400FB4009 /* BakingChatTests.swift */; };
		1BA8F99A2664CF7400FB4009 /* BakingChatUITests.swift in Sources */ = {isa = PBXBuildFile; fileRef = 1BA8F9992664CF7400FB4009 /* BakingChatUITests.swift */; };
		1BDB19392674CAD2004C73AC /* GoogleService-Info.plist in Resources */ = {isa = PBXBuildFile; fileRef = 1BDB19382674CAD2004C73AC /* GoogleService-Info.plist */; };
		1BF874C52664D7EE00912156 /* LoginViewModel.swift in Sources */ = {isa = PBXBuildFile; fileRef = 1BF874C42664D7EE00912156 /* LoginViewModel.swift */; };
		1BF874CC2664DB3100912156 /* Message.swift in Sources */ = {isa = PBXBuildFile; fileRef = 1BF874CB2664DB3100912156 /* Message.swift */; };
		1BF874CE2664DB6800912156 /* ChatRoom.swift in Sources */ = {isa = PBXBuildFile; fileRef = 1BF874CD2664DB6800912156 /* ChatRoom.swift */; };
		1BF874D02664DBF300912156 /* User.swift in Sources */ = {isa = PBXBuildFile; fileRef = 1BF874CF2664DBF300912156 /* User.swift */; };
		1BF874D22664E55500912156 /* UIButton+Extension.swift in Sources */ = {isa = PBXBuildFile; fileRef = 1BF874D12664E55500912156 /* UIButton+Extension.swift */; };
		1BF874D42664E55D00912156 /* UIImageView+Extension.swift in Sources */ = {isa = PBXBuildFile; fileRef = 1BF874D32664E55D00912156 /* UIImageView+Extension.swift */; };
		1BF874D62664E5DE00912156 /* UIView+Extension.swift in Sources */ = {isa = PBXBuildFile; fileRef = 1BF874D52664E5DE00912156 /* UIView+Extension.swift */; };
		1BF874D8266587DC00912156 /* ChatMainViewController.swift in Sources */ = {isa = PBXBuildFile; fileRef = 1BF874D7266587DC00912156 /* ChatMainViewController.swift */; };
		1BF874DD26659EAC00912156 /* ChatMainTableViewCell.swift in Sources */ = {isa = PBXBuildFile; fileRef = 1BF874DC26659EAC00912156 /* ChatMainTableViewCell.swift */; };
		1BF874DF26659F3700912156 /* ChatMainCollectionViewCell.swift in Sources */ = {isa = PBXBuildFile; fileRef = 1BF874DE26659F3700912156 /* ChatMainCollectionViewCell.swift */; };
		1BF874E12665B0E700912156 /* ChatMainViewModel.swift in Sources */ = {isa = PBXBuildFile; fileRef = 1BF874E02665B0E700912156 /* ChatMainViewModel.swift */; };
		1BF874E42665B6D900912156 /* ProfileViewController.swift in Sources */ = {isa = PBXBuildFile; fileRef = 1BF874E32665B6D900912156 /* ProfileViewController.swift */; };
		1BF874E62665B78700912156 /* ChatRoomViewController.swift in Sources */ = {isa = PBXBuildFile; fileRef = 1BF874E52665B78700912156 /* ChatRoomViewController.swift */; };
		1BF874E82665BC9B00912156 /* ChatRoomViewModel.swift in Sources */ = {isa = PBXBuildFile; fileRef = 1BF874E72665BC9B00912156 /* ChatRoomViewModel.swift */; };
		B10875CEC7D51271A94B814D /* Pods_BakingChatTests.framework in Frameworks */ = {isa = PBXBuildFile; fileRef = F2F6CB3CE8DB8AEAD01ADB28 /* Pods_BakingChatTests.framework */; };
		D08C9E7B8C3F318DBFC02A6F /* Pods_BakingChat.framework in Frameworks */ = {isa = PBXBuildFile; fileRef = 6D429BE002EF6FD1B2B65502 /* Pods_BakingChat.framework */; };
/* End PBXBuildFile section */

/* Begin PBXContainerItemProxy section */
		1BA8F98B2664CF7400FB4009 /* PBXContainerItemProxy */ = {
			isa = PBXContainerItemProxy;
			containerPortal = 1BA8F96C2664CF7100FB4009 /* Project object */;
			proxyType = 1;
			remoteGlobalIDString = 1BA8F9732664CF7200FB4009;
			remoteInfo = BakingChat;
		};
		1BA8F9962664CF7400FB4009 /* PBXContainerItemProxy */ = {
			isa = PBXContainerItemProxy;
			containerPortal = 1BA8F96C2664CF7100FB4009 /* Project object */;
			proxyType = 1;
			remoteGlobalIDString = 1BA8F9732664CF7200FB4009;
			remoteInfo = BakingChat;
		};
/* End PBXContainerItemProxy section */

/* Begin PBXFileReference section */
		1B2A2E69266C8491002AF0D3 /* SimpleConfirmAlertController.swift */ = {isa = PBXFileReference; lastKnownFileType = sourcecode.swift; path = SimpleConfirmAlertController.swift; sourceTree = "<group>"; };
		1B2A2E6B266C975A002AF0D3 /* SimpleConfirmAlertController.xib */ = {isa = PBXFileReference; lastKnownFileType = file.xib; path = SimpleConfirmAlertController.xib; sourceTree = "<group>"; };
		1B5B6EE32665F0CC00ABD0BB /* ChatRoomTableViewCell.swift */ = {isa = PBXFileReference; lastKnownFileType = sourcecode.swift; path = ChatRoomTableViewCell.swift; sourceTree = "<group>"; };
		1B5B6EE52665F3FF00ABD0BB /* SearchMemberViewController.swift */ = {isa = PBXFileReference; lastKnownFileType = sourcecode.swift; path = SearchMemberViewController.swift; sourceTree = "<group>"; };
		1B5B6EE72665F43E00ABD0BB /* CreateChatRoomViewController.swift */ = {isa = PBXFileReference; lastKnownFileType = sourcecode.swift; path = CreateChatRoomViewController.swift; sourceTree = "<group>"; };
		1B5B6EE92665FB1A00ABD0BB /* SearchMemberTableViewCell.swift */ = {isa = PBXFileReference; lastKnownFileType = sourcecode.swift; path = SearchMemberTableViewCell.swift; sourceTree = "<group>"; };
		1B5B6EEB2665FFFD00ABD0BB /* CreateChatRoomTableViewCell.swift */ = {isa = PBXFileReference; lastKnownFileType = sourcecode.swift; path = CreateChatRoomTableViewCell.swift; sourceTree = "<group>"; };
		1B5B6EED2666FC0200ABD0BB /* Date+Extension.swift */ = {isa = PBXFileReference; lastKnownFileType = sourcecode.swift; path = "Date+Extension.swift"; sourceTree = "<group>"; };
		1B5B6EF1266727A800ABD0BB /* MainNavigationViewController.swift */ = {isa = PBXFileReference; lastKnownFileType = sourcecode.swift; path = MainNavigationViewController.swift; sourceTree = "<group>"; };
		1B5B6EF62668670A00ABD0BB /* CustomView.swift */ = {isa = PBXFileReference; lastKnownFileType = sourcecode.swift; path = CustomView.swift; sourceTree = "<group>"; };
		1B5B6EFA266A03BB00ABD0BB /* README.md */ = {isa = PBXFileReference; fileEncoding = 4; lastKnownFileType = net.daringfireball.markdown; path = README.md; sourceTree = "<group>"; };
		1B5B6EFC266A044700ABD0BB /* .gitignore */ = {isa = PBXFileReference; fileEncoding = 4; lastKnownFileType = text; path = .gitignore; sourceTree = "<group>"; };
		1BA8F9742664CF7200FB4009 /* BakingChat.app */ = {isa = PBXFileReference; explicitFileType = wrapper.application; includeInIndex = 0; path = BakingChat.app; sourceTree = BUILT_PRODUCTS_DIR; };
		1BA8F9772664CF7200FB4009 /* AppDelegate.swift */ = {isa = PBXFileReference; lastKnownFileType = sourcecode.swift; path = AppDelegate.swift; sourceTree = "<group>"; };
		1BA8F9792664CF7200FB4009 /* SceneDelegate.swift */ = {isa = PBXFileReference; lastKnownFileType = sourcecode.swift; path = SceneDelegate.swift; sourceTree = "<group>"; };
		1BA8F97B2664CF7200FB4009 /* ViewController.swift */ = {isa = PBXFileReference; lastKnownFileType = sourcecode.swift; path = ViewController.swift; sourceTree = "<group>"; };
		1BA8F97E2664CF7200FB4009 /* Base */ = {isa = PBXFileReference; lastKnownFileType = file.storyboard; name = Base; path = Base.lproj/Main.storyboard; sourceTree = "<group>"; };
		1BA8F9802664CF7400FB4009 /* Assets.xcassets */ = {isa = PBXFileReference; lastKnownFileType = folder.assetcatalog; path = Assets.xcassets; sourceTree = "<group>"; };
		1BA8F9832664CF7400FB4009 /* Base */ = {isa = PBXFileReference; lastKnownFileType = file.storyboard; name = Base; path = Base.lproj/LaunchScreen.storyboard; sourceTree = "<group>"; };
		1BA8F9852664CF7400FB4009 /* Info.plist */ = {isa = PBXFileReference; lastKnownFileType = text.plist.xml; path = Info.plist; sourceTree = "<group>"; };
		1BA8F98A2664CF7400FB4009 /* BakingChatTests.xctest */ = {isa = PBXFileReference; explicitFileType = wrapper.cfbundle; includeInIndex = 0; path = BakingChatTests.xctest; sourceTree = BUILT_PRODUCTS_DIR; };
		1BA8F98E2664CF7400FB4009 /* BakingChatTests.swift */ = {isa = PBXFileReference; lastKnownFileType = sourcecode.swift; path = BakingChatTests.swift; sourceTree = "<group>"; };
		1BA8F9902664CF7400FB4009 /* Info.plist */ = {isa = PBXFileReference; lastKnownFileType = text.plist.xml; path = Info.plist; sourceTree = "<group>"; };
		1BA8F9952664CF7400FB4009 /* BakingChatUITests.xctest */ = {isa = PBXFileReference; explicitFileType = wrapper.cfbundle; includeInIndex = 0; path = BakingChatUITests.xctest; sourceTree = BUILT_PRODUCTS_DIR; };
		1BA8F9992664CF7400FB4009 /* BakingChatUITests.swift */ = {isa = PBXFileReference; lastKnownFileType = sourcecode.swift; path = BakingChatUITests.swift; sourceTree = "<group>"; };
		1BA8F99B2664CF7400FB4009 /* Info.plist */ = {isa = PBXFileReference; lastKnownFileType = text.plist.xml; path = Info.plist; sourceTree = "<group>"; };
		1BBB5A272671BFDE001A1D0E /* BakingChat.entitlements */ = {isa = PBXFileReference; lastKnownFileType = text.plist.entitlements; path = BakingChat.entitlements; sourceTree = "<group>"; };
		1BDB19382674CAD2004C73AC /* GoogleService-Info.plist */ = {isa = PBXFileReference; fileEncoding = 4; lastKnownFileType = text.plist.xml; path = "GoogleService-Info.plist"; sourceTree = "<group>"; };
		1BF874C42664D7EE00912156 /* LoginViewModel.swift */ = {isa = PBXFileReference; lastKnownFileType = sourcecode.swift; path = LoginViewModel.swift; sourceTree = "<group>"; };
		1BF874CB2664DB3100912156 /* Message.swift */ = {isa = PBXFileReference; lastKnownFileType = sourcecode.swift; path = Message.swift; sourceTree = "<group>"; };
		1BF874CD2664DB6800912156 /* ChatRoom.swift */ = {isa = PBXFileReference; lastKnownFileType = sourcecode.swift; path = ChatRoom.swift; sourceTree = "<group>"; };
		1BF874CF2664DBF300912156 /* User.swift */ = {isa = PBXFileReference; lastKnownFileType = sourcecode.swift; path = User.swift; sourceTree = "<group>"; };
		1BF874D12664E55500912156 /* UIButton+Extension.swift */ = {isa = PBXFileReference; lastKnownFileType = sourcecode.swift; path = "UIButton+Extension.swift"; sourceTree = "<group>"; };
		1BF874D32664E55D00912156 /* UIImageView+Extension.swift */ = {isa = PBXFileReference; lastKnownFileType = sourcecode.swift; path = "UIImageView+Extension.swift"; sourceTree = "<group>"; };
		1BF874D52664E5DE00912156 /* UIView+Extension.swift */ = {isa = PBXFileReference; lastKnownFileType = sourcecode.swift; path = "UIView+Extension.swift"; sourceTree = "<group>"; };
		1BF874D7266587DC00912156 /* ChatMainViewController.swift */ = {isa = PBXFileReference; lastKnownFileType = sourcecode.swift; path = ChatMainViewController.swift; sourceTree = "<group>"; };
		1BF874DC26659EAC00912156 /* ChatMainTableViewCell.swift */ = {isa = PBXFileReference; lastKnownFileType = sourcecode.swift; path = ChatMainTableViewCell.swift; sourceTree = "<group>"; };
		1BF874DE26659F3700912156 /* ChatMainCollectionViewCell.swift */ = {isa = PBXFileReference; lastKnownFileType = sourcecode.swift; path = ChatMainCollectionViewCell.swift; sourceTree = "<group>"; };
		1BF874E02665B0E700912156 /* ChatMainViewModel.swift */ = {isa = PBXFileReference; lastKnownFileType = sourcecode.swift; path = ChatMainViewModel.swift; sourceTree = "<group>"; };
		1BF874E32665B6D900912156 /* ProfileViewController.swift */ = {isa = PBXFileReference; lastKnownFileType = sourcecode.swift; path = ProfileViewController.swift; sourceTree = "<group>"; };
		1BF874E52665B78700912156 /* ChatRoomViewController.swift */ = {isa = PBXFileReference; lastKnownFileType = sourcecode.swift; path = ChatRoomViewController.swift; sourceTree = "<group>"; };
		1BF874E72665BC9B00912156 /* ChatRoomViewModel.swift */ = {isa = PBXFileReference; lastKnownFileType = sourcecode.swift; path = ChatRoomViewModel.swift; sourceTree = "<group>"; };
		566E1B81F8C7AC4D4720E481 /* Pods_BakingChat_BakingChatUITests.framework */ = {isa = PBXFileReference; explicitFileType = wrapper.framework; includeInIndex = 0; path = Pods_BakingChat_BakingChatUITests.framework; sourceTree = BUILT_PRODUCTS_DIR; };
		59CD9FF3C5C18EB4C1493E7B /* Pods-BakingChat.debug.xcconfig */ = {isa = PBXFileReference; includeInIndex = 1; lastKnownFileType = text.xcconfig; name = "Pods-BakingChat.debug.xcconfig"; path = "Target Support Files/Pods-BakingChat/Pods-BakingChat.debug.xcconfig"; sourceTree = "<group>"; };
		6D429BE002EF6FD1B2B65502 /* Pods_BakingChat.framework */ = {isa = PBXFileReference; explicitFileType = wrapper.framework; includeInIndex = 0; path = Pods_BakingChat.framework; sourceTree = BUILT_PRODUCTS_DIR; };
		7A3AA0D0E8D0654C4D06E3BD /* Pods-BakingChat-BakingChatUITests.debug.xcconfig */ = {isa = PBXFileReference; includeInIndex = 1; lastKnownFileType = text.xcconfig; name = "Pods-BakingChat-BakingChatUITests.debug.xcconfig"; path = "Target Support Files/Pods-BakingChat-BakingChatUITests/Pods-BakingChat-BakingChatUITests.debug.xcconfig"; sourceTree = "<group>"; };
		92B8BD17FCF85EDD588A9364 /* Pods-BakingChatTests.release.xcconfig */ = {isa = PBXFileReference; includeInIndex = 1; lastKnownFileType = text.xcconfig; name = "Pods-BakingChatTests.release.xcconfig"; path = "Target Support Files/Pods-BakingChatTests/Pods-BakingChatTests.release.xcconfig"; sourceTree = "<group>"; };
		AA13D866D846C47950619AD4 /* Pods-BakingChatTests.debug.xcconfig */ = {isa = PBXFileReference; includeInIndex = 1; lastKnownFileType = text.xcconfig; name = "Pods-BakingChatTests.debug.xcconfig"; path = "Target Support Files/Pods-BakingChatTests/Pods-BakingChatTests.debug.xcconfig"; sourceTree = "<group>"; };
		C3B0F63E36691AB85B02EF07 /* Pods-BakingChat-BakingChatUITests.release.xcconfig */ = {isa = PBXFileReference; includeInIndex = 1; lastKnownFileType = text.xcconfig; name = "Pods-BakingChat-BakingChatUITests.release.xcconfig"; path = "Target Support Files/Pods-BakingChat-BakingChatUITests/Pods-BakingChat-BakingChatUITests.release.xcconfig"; sourceTree = "<group>"; };
		DD77065FBD9B1B32FC3DE6EB /* Pods-BakingChat.release.xcconfig */ = {isa = PBXFileReference; includeInIndex = 1; lastKnownFileType = text.xcconfig; name = "Pods-BakingChat.release.xcconfig"; path = "Target Support Files/Pods-BakingChat/Pods-BakingChat.release.xcconfig"; sourceTree = "<group>"; };
		F2F6CB3CE8DB8AEAD01ADB28 /* Pods_BakingChatTests.framework */ = {isa = PBXFileReference; explicitFileType = wrapper.framework; includeInIndex = 0; path = Pods_BakingChatTests.framework; sourceTree = BUILT_PRODUCTS_DIR; };
/* End PBXFileReference section */

/* Begin PBXFrameworksBuildPhase section */
		1BA8F9712664CF7200FB4009 /* Frameworks */ = {
			isa = PBXFrameworksBuildPhase;
			buildActionMask = 2147483647;
			files = (
				D08C9E7B8C3F318DBFC02A6F /* Pods_BakingChat.framework in Frameworks */,
			);
			runOnlyForDeploymentPostprocessing = 0;
		};
		1BA8F9872664CF7400FB4009 /* Frameworks */ = {
			isa = PBXFrameworksBuildPhase;
			buildActionMask = 2147483647;
			files = (
				B10875CEC7D51271A94B814D /* Pods_BakingChatTests.framework in Frameworks */,
			);
			runOnlyForDeploymentPostprocessing = 0;
		};
		1BA8F9922664CF7400FB4009 /* Frameworks */ = {
			isa = PBXFrameworksBuildPhase;
			buildActionMask = 2147483647;
			files = (
				125739F5379C6D351E7B87D3 /* Pods_BakingChat_BakingChatUITests.framework in Frameworks */,
			);
			runOnlyForDeploymentPostprocessing = 0;
		};
/* End PBXFrameworksBuildPhase section */

/* Begin PBXGroup section */
		1BA8F96B2664CF7100FB4009 = {
			isa = PBXGroup;
			children = (
				1BA8F9762664CF7200FB4009 /* BakingChat */,
				1BA8F98D2664CF7400FB4009 /* BakingChatTests */,
				1BA8F9982664CF7400FB4009 /* BakingChatUITests */,
				1BA8F9752664CF7200FB4009 /* Products */,
				3596457B051F3908FBBFEB79 /* Pods */,
				5324F43B1781136209CD1BD9 /* Frameworks */,
				1B5B6EFA266A03BB00ABD0BB /* README.md */,
				1B5B6EFC266A044700ABD0BB /* .gitignore */,
			);
			sourceTree = "<group>";
		};
		1BA8F9752664CF7200FB4009 /* Products */ = {
			isa = PBXGroup;
			children = (
				1BA8F9742664CF7200FB4009 /* BakingChat.app */,
				1BA8F98A2664CF7400FB4009 /* BakingChatTests.xctest */,
				1BA8F9952664CF7400FB4009 /* BakingChatUITests.xctest */,
			);
			name = Products;
			sourceTree = "<group>";
		};
		1BA8F9762664CF7200FB4009 /* BakingChat */ = {
			isa = PBXGroup;
			children = (
				1BBB5A272671BFDE001A1D0E /* BakingChat.entitlements */,
				1BF874C72664DADD00912156 /* Supporting */,
				1BF874C62664DAC800912156 /* Model */,
				1BF874C82664DAF100912156 /* View */,
				1BF874CA2664DB0100912156 /* ViewModel */,
				1BF874C92664DAF800912156 /* ViewController */,
				1BA8F9802664CF7400FB4009 /* Assets.xcassets */,
				1BA8F9822664CF7400FB4009 /* LaunchScreen.storyboard */,
				1BA8F9852664CF7400FB4009 /* Info.plist */,
				1BDB19382674CAD2004C73AC /* GoogleService-Info.plist */,
			);
			path = BakingChat;
			sourceTree = "<group>";
		};
		1BA8F98D2664CF7400FB4009 /* BakingChatTests */ = {
			isa = PBXGroup;
			children = (
				1BA8F98E2664CF7400FB4009 /* BakingChatTests.swift */,
				1BA8F9902664CF7400FB4009 /* Info.plist */,
			);
			path = BakingChatTests;
			sourceTree = "<group>";
		};
		1BA8F9982664CF7400FB4009 /* BakingChatUITests */ = {
			isa = PBXGroup;
			children = (
				1BA8F9992664CF7400FB4009 /* BakingChatUITests.swift */,
				1BA8F99B2664CF7400FB4009 /* Info.plist */,
			);
			path = BakingChatUITests;
			sourceTree = "<group>";
		};
		1BF874C62664DAC800912156 /* Model */ = {
			isa = PBXGroup;
			children = (
				1BF874CB2664DB3100912156 /* Message.swift */,
				1BF874CD2664DB6800912156 /* ChatRoom.swift */,
				1BF874CF2664DBF300912156 /* User.swift */,
			);
			path = Model;
			sourceTree = "<group>";
		};
		1BF874C72664DADD00912156 /* Supporting */ = {
			isa = PBXGroup;
			children = (
				1BA8F9772664CF7200FB4009 /* AppDelegate.swift */,
				1BA8F9792664CF7200FB4009 /* SceneDelegate.swift */,
				1B5B6EED2666FC0200ABD0BB /* Date+Extension.swift */,
				1BF874D12664E55500912156 /* UIButton+Extension.swift */,
				1BF874D32664E55D00912156 /* UIImageView+Extension.swift */,
				1BF874D52664E5DE00912156 /* UIView+Extension.swift */,
			);
			path = Supporting;
			sourceTree = "<group>";
		};
		1BF874C82664DAF100912156 /* View */ = {
			isa = PBXGroup;
			children = (
				1BA8F97D2664CF7200FB4009 /* Main.storyboard */,
				1B2A2E6B266C975A002AF0D3 /* SimpleConfirmAlertController.xib */,
			);
			path = View;
			sourceTree = "<group>";
		};
		1BF874C92664DAF800912156 /* ViewController */ = {
			isa = PBXGroup;
			children = (
				1BF874DB26659E9200912156 /* CustomCell */,
				1BA8F97B2664CF7200FB4009 /* ViewController.swift */,
				1B5B6EF1266727A800ABD0BB /* MainNavigationViewController.swift */,
				1BF874D7266587DC00912156 /* ChatMainViewController.swift */,
				1BF874E52665B78700912156 /* ChatRoomViewController.swift */,
				1B5B6EE52665F3FF00ABD0BB /* SearchMemberViewController.swift */,
				1B5B6EE72665F43E00ABD0BB /* CreateChatRoomViewController.swift */,
				1BF874E32665B6D900912156 /* ProfileViewController.swift */,
				1B5B6EF62668670A00ABD0BB /* CustomView.swift */,
				1B2A2E69266C8491002AF0D3 /* SimpleConfirmAlertController.swift */,
			);
			path = ViewController;
			sourceTree = "<group>";
		};
		1BF874CA2664DB0100912156 /* ViewModel */ = {
			isa = PBXGroup;
			children = (
				1BF874C42664D7EE00912156 /* LoginViewModel.swift */,
				1BF874E02665B0E700912156 /* ChatMainViewModel.swift */,
				1BF874E72665BC9B00912156 /* ChatRoomViewModel.swift */,
			);
			path = ViewModel;
			sourceTree = "<group>";
		};
		1BF874DB26659E9200912156 /* CustomCell */ = {
			isa = PBXGroup;
			children = (
				1BF874DC26659EAC00912156 /* ChatMainTableViewCell.swift */,
				1BF874DE26659F3700912156 /* ChatMainCollectionViewCell.swift */,
				1B5B6EE32665F0CC00ABD0BB /* ChatRoomTableViewCell.swift */,
				1B5B6EE92665FB1A00ABD0BB /* SearchMemberTableViewCell.swift */,
				1B5B6EEB2665FFFD00ABD0BB /* CreateChatRoomTableViewCell.swift */,
			);
			path = CustomCell;
			sourceTree = "<group>";
		};
		3596457B051F3908FBBFEB79 /* Pods */ = {
			isa = PBXGroup;
			children = (
				59CD9FF3C5C18EB4C1493E7B /* Pods-BakingChat.debug.xcconfig */,
				DD77065FBD9B1B32FC3DE6EB /* Pods-BakingChat.release.xcconfig */,
				7A3AA0D0E8D0654C4D06E3BD /* Pods-BakingChat-BakingChatUITests.debug.xcconfig */,
				C3B0F63E36691AB85B02EF07 /* Pods-BakingChat-BakingChatUITests.release.xcconfig */,
				AA13D866D846C47950619AD4 /* Pods-BakingChatTests.debug.xcconfig */,
				92B8BD17FCF85EDD588A9364 /* Pods-BakingChatTests.release.xcconfig */,
			);
			path = Pods;
			sourceTree = "<group>";
		};
		5324F43B1781136209CD1BD9 /* Frameworks */ = {
			isa = PBXGroup;
			children = (
				6D429BE002EF6FD1B2B65502 /* Pods_BakingChat.framework */,
				566E1B81F8C7AC4D4720E481 /* Pods_BakingChat_BakingChatUITests.framework */,
				F2F6CB3CE8DB8AEAD01ADB28 /* Pods_BakingChatTests.framework */,
			);
			name = Frameworks;
			sourceTree = "<group>";
		};
/* End PBXGroup section */

/* Begin PBXNativeTarget section */
		1BA8F9732664CF7200FB4009 /* BakingChat */ = {
			isa = PBXNativeTarget;
			buildConfigurationList = 1BA8F99E2664CF7400FB4009 /* Build configuration list for PBXNativeTarget "BakingChat" */;
			buildPhases = (
				C74B12052EE1E4D8CAC54F6A /* [CP] Check Pods Manifest.lock */,
				1BA8F9702664CF7200FB4009 /* Sources */,
				1BA8F9712664CF7200FB4009 /* Frameworks */,
				1BA8F9722664CF7200FB4009 /* Resources */,
				17962F7EAFB6E50883DABA2D /* [CP] Embed Pods Frameworks */,
			);
			buildRules = (
			);
			dependencies = (
			);
			name = BakingChat;
			productName = BakingChat;
			productReference = 1BA8F9742664CF7200FB4009 /* BakingChat.app */;
			productType = "com.apple.product-type.application";
		};
		1BA8F9892664CF7400FB4009 /* BakingChatTests */ = {
			isa = PBXNativeTarget;
			buildConfigurationList = 1BA8F9A12664CF7400FB4009 /* Build configuration list for PBXNativeTarget "BakingChatTests" */;
			buildPhases = (
				C7DF8160AFB56A983D35AD7F /* [CP] Check Pods Manifest.lock */,
				1BA8F9862664CF7400FB4009 /* Sources */,
				1BA8F9872664CF7400FB4009 /* Frameworks */,
				1BA8F9882664CF7400FB4009 /* Resources */,
			);
			buildRules = (
			);
			dependencies = (
				1BA8F98C2664CF7400FB4009 /* PBXTargetDependency */,
			);
			name = BakingChatTests;
			productName = BakingChatTests;
			productReference = 1BA8F98A2664CF7400FB4009 /* BakingChatTests.xctest */;
			productType = "com.apple.product-type.bundle.unit-test";
		};
		1BA8F9942664CF7400FB4009 /* BakingChatUITests */ = {
			isa = PBXNativeTarget;
			buildConfigurationList = 1BA8F9A42664CF7400FB4009 /* Build configuration list for PBXNativeTarget "BakingChatUITests" */;
			buildPhases = (
				FBD5C852B617629A6AC3DA4B /* [CP] Check Pods Manifest.lock */,
				1BA8F9912664CF7400FB4009 /* Sources */,
				1BA8F9922664CF7400FB4009 /* Frameworks */,
				1BA8F9932664CF7400FB4009 /* Resources */,
				2651E69D92E188D0CCF86D87 /* [CP] Embed Pods Frameworks */,
			);
			buildRules = (
			);
			dependencies = (
				1BA8F9972664CF7400FB4009 /* PBXTargetDependency */,
			);
			name = BakingChatUITests;
			productName = BakingChatUITests;
			productReference = 1BA8F9952664CF7400FB4009 /* BakingChatUITests.xctest */;
			productType = "com.apple.product-type.bundle.ui-testing";
		};
/* End PBXNativeTarget section */

/* Begin PBXProject section */
		1BA8F96C2664CF7100FB4009 /* Project object */ = {
			isa = PBXProject;
			attributes = {
				LastSwiftUpdateCheck = 1250;
				LastUpgradeCheck = 1250;
				TargetAttributes = {
					1BA8F9732664CF7200FB4009 = {
						CreatedOnToolsVersion = 12.5;
					};
					1BA8F9892664CF7400FB4009 = {
						CreatedOnToolsVersion = 12.5;
						TestTargetID = 1BA8F9732664CF7200FB4009;
					};
					1BA8F9942664CF7400FB4009 = {
						CreatedOnToolsVersion = 12.5;
						TestTargetID = 1BA8F9732664CF7200FB4009;
					};
				};
			};
			buildConfigurationList = 1BA8F96F2664CF7200FB4009 /* Build configuration list for PBXProject "BakingChat" */;
			compatibilityVersion = "Xcode 9.3";
			developmentRegion = en;
			hasScannedForEncodings = 0;
			knownRegions = (
				en,
				Base,
			);
			mainGroup = 1BA8F96B2664CF7100FB4009;
			productRefGroup = 1BA8F9752664CF7200FB4009 /* Products */;
			projectDirPath = "";
			projectRoot = "";
			targets = (
				1BA8F9732664CF7200FB4009 /* BakingChat */,
				1BA8F9892664CF7400FB4009 /* BakingChatTests */,
				1BA8F9942664CF7400FB4009 /* BakingChatUITests */,
			);
		};
/* End PBXProject section */

/* Begin PBXResourcesBuildPhase section */
		1BA8F9722664CF7200FB4009 /* Resources */ = {
			isa = PBXResourcesBuildPhase;
			buildActionMask = 2147483647;
			files = (
				1BA8F9842664CF7400FB4009 /* LaunchScreen.storyboard in Resources */,
				1B5B6EFB266A03BB00ABD0BB /* README.md in Resources */,
				1BA8F9812664CF7400FB4009 /* Assets.xcassets in Resources */,
				1B5B6EFD266A044700ABD0BB /* .gitignore in Resources */,
				1BA8F97F2664CF7200FB4009 /* Main.storyboard in Resources */,
				1B2A2E6C266C975B002AF0D3 /* SimpleConfirmAlertController.xib in Resources */,
				1BDB19392674CAD2004C73AC /* GoogleService-Info.plist in Resources */,
			);
			runOnlyForDeploymentPostprocessing = 0;
		};
		1BA8F9882664CF7400FB4009 /* Resources */ = {
			isa = PBXResourcesBuildPhase;
			buildActionMask = 2147483647;
			files = (
			);
			runOnlyForDeploymentPostprocessing = 0;
		};
		1BA8F9932664CF7400FB4009 /* Resources */ = {
			isa = PBXResourcesBuildPhase;
			buildActionMask = 2147483647;
			files = (
			);
			runOnlyForDeploymentPostprocessing = 0;
		};
/* End PBXResourcesBuildPhase section */

/* Begin PBXShellScriptBuildPhase section */
		17962F7EAFB6E50883DABA2D /* [CP] Embed Pods Frameworks */ = {
			isa = PBXShellScriptBuildPhase;
			buildActionMask = 2147483647;
			files = (
			);
			inputFileListPaths = (
				"${PODS_ROOT}/Target Support Files/Pods-BakingChat/Pods-BakingChat-frameworks-${CONFIGURATION}-input-files.xcfilelist",
			);
			name = "[CP] Embed Pods Frameworks";
			outputFileListPaths = (
				"${PODS_ROOT}/Target Support Files/Pods-BakingChat/Pods-BakingChat-frameworks-${CONFIGURATION}-output-files.xcfilelist",
			);
			runOnlyForDeploymentPostprocessing = 0;
			shellPath = /bin/sh;
			shellScript = "\"${PODS_ROOT}/Target Support Files/Pods-BakingChat/Pods-BakingChat-frameworks.sh\"\n";
			showEnvVarsInLog = 0;
		};
		2651E69D92E188D0CCF86D87 /* [CP] Embed Pods Frameworks */ = {
			isa = PBXShellScriptBuildPhase;
			buildActionMask = 2147483647;
			files = (
			);
			inputFileListPaths = (
				"${PODS_ROOT}/Target Support Files/Pods-BakingChat-BakingChatUITests/Pods-BakingChat-BakingChatUITests-frameworks-${CONFIGURATION}-input-files.xcfilelist",
			);
			name = "[CP] Embed Pods Frameworks";
			outputFileListPaths = (
				"${PODS_ROOT}/Target Support Files/Pods-BakingChat-BakingChatUITests/Pods-BakingChat-BakingChatUITests-frameworks-${CONFIGURATION}-output-files.xcfilelist",
			);
			runOnlyForDeploymentPostprocessing = 0;
			shellPath = /bin/sh;
			shellScript = "\"${PODS_ROOT}/Target Support Files/Pods-BakingChat-BakingChatUITests/Pods-BakingChat-BakingChatUITests-frameworks.sh\"\n";
			showEnvVarsInLog = 0;
		};
		C74B12052EE1E4D8CAC54F6A /* [CP] Check Pods Manifest.lock */ = {
			isa = PBXShellScriptBuildPhase;
			buildActionMask = 2147483647;
			files = (
			);
			inputFileListPaths = (
			);
			inputPaths = (
				"${PODS_PODFILE_DIR_PATH}/Podfile.lock",
				"${PODS_ROOT}/Manifest.lock",
			);
			name = "[CP] Check Pods Manifest.lock";
			outputFileListPaths = (
			);
			outputPaths = (
				"$(DERIVED_FILE_DIR)/Pods-BakingChat-checkManifestLockResult.txt",
			);
			runOnlyForDeploymentPostprocessing = 0;
			shellPath = /bin/sh;
			shellScript = "diff \"${PODS_PODFILE_DIR_PATH}/Podfile.lock\" \"${PODS_ROOT}/Manifest.lock\" > /dev/null\nif [ $? != 0 ] ; then\n    # print error to STDERR\n    echo \"error: The sandbox is not in sync with the Podfile.lock. Run 'pod install' or update your CocoaPods installation.\" >&2\n    exit 1\nfi\n# This output is used by Xcode 'outputs' to avoid re-running this script phase.\necho \"SUCCESS\" > \"${SCRIPT_OUTPUT_FILE_0}\"\n";
			showEnvVarsInLog = 0;
		};
		C7DF8160AFB56A983D35AD7F /* [CP] Check Pods Manifest.lock */ = {
			isa = PBXShellScriptBuildPhase;
			buildActionMask = 2147483647;
			files = (
			);
			inputFileListPaths = (
			);
			inputPaths = (
				"${PODS_PODFILE_DIR_PATH}/Podfile.lock",
				"${PODS_ROOT}/Manifest.lock",
			);
			name = "[CP] Check Pods Manifest.lock";
			outputFileListPaths = (
			);
			outputPaths = (
				"$(DERIVED_FILE_DIR)/Pods-BakingChatTests-checkManifestLockResult.txt",
			);
			runOnlyForDeploymentPostprocessing = 0;
			shellPath = /bin/sh;
			shellScript = "diff \"${PODS_PODFILE_DIR_PATH}/Podfile.lock\" \"${PODS_ROOT}/Manifest.lock\" > /dev/null\nif [ $? != 0 ] ; then\n    # print error to STDERR\n    echo \"error: The sandbox is not in sync with the Podfile.lock. Run 'pod install' or update your CocoaPods installation.\" >&2\n    exit 1\nfi\n# This output is used by Xcode 'outputs' to avoid re-running this script phase.\necho \"SUCCESS\" > \"${SCRIPT_OUTPUT_FILE_0}\"\n";
			showEnvVarsInLog = 0;
		};
		FBD5C852B617629A6AC3DA4B /* [CP] Check Pods Manifest.lock */ = {
			isa = PBXShellScriptBuildPhase;
			buildActionMask = 2147483647;
			files = (
			);
			inputFileListPaths = (
			);
			inputPaths = (
				"${PODS_PODFILE_DIR_PATH}/Podfile.lock",
				"${PODS_ROOT}/Manifest.lock",
			);
			name = "[CP] Check Pods Manifest.lock";
			outputFileListPaths = (
			);
			outputPaths = (
				"$(DERIVED_FILE_DIR)/Pods-BakingChat-BakingChatUITests-checkManifestLockResult.txt",
			);
			runOnlyForDeploymentPostprocessing = 0;
			shellPath = /bin/sh;
			shellScript = "diff \"${PODS_PODFILE_DIR_PATH}/Podfile.lock\" \"${PODS_ROOT}/Manifest.lock\" > /dev/null\nif [ $? != 0 ] ; then\n    # print error to STDERR\n    echo \"error: The sandbox is not in sync with the Podfile.lock. Run 'pod install' or update your CocoaPods installation.\" >&2\n    exit 1\nfi\n# This output is used by Xcode 'outputs' to avoid re-running this script phase.\necho \"SUCCESS\" > \"${SCRIPT_OUTPUT_FILE_0}\"\n";
			showEnvVarsInLog = 0;
		};
/* End PBXShellScriptBuildPhase section */

/* Begin PBXSourcesBuildPhase section */
		1BA8F9702664CF7200FB4009 /* Sources */ = {
			isa = PBXSourcesBuildPhase;
			buildActionMask = 2147483647;
			files = (
				1BF874CE2664DB6800912156 /* ChatRoom.swift in Sources */,
				1BA8F97C2664CF7200FB4009 /* ViewController.swift in Sources */,
				1B5B6EEC2665FFFD00ABD0BB /* CreateChatRoomTableViewCell.swift in Sources */,
				1BA8F9782664CF7200FB4009 /* AppDelegate.swift in Sources */,
				1BF874E62665B78700912156 /* ChatRoomViewController.swift in Sources */,
				1B5B6EE62665F3FF00ABD0BB /* SearchMemberViewController.swift in Sources */,
				1B5B6EE42665F0CC00ABD0BB /* ChatRoomTableViewCell.swift in Sources */,
				1BF874D42664E55D00912156 /* UIImageView+Extension.swift in Sources */,
				1BF874CC2664DB3100912156 /* Message.swift in Sources */,
				1BF874C52664D7EE00912156 /* LoginViewModel.swift in Sources */,
				1B5B6EEE2666FC0200ABD0BB /* Date+Extension.swift in Sources */,
				1BF874DD26659EAC00912156 /* ChatMainTableViewCell.swift in Sources */,
				1B5B6EEA2665FB1A00ABD0BB /* SearchMemberTableViewCell.swift in Sources */,
				1B5B6EF2266727A800ABD0BB /* MainNavigationViewController.swift in Sources */,
				1BF874D22664E55500912156 /* UIButton+Extension.swift in Sources */,
				1BF874DF26659F3700912156 /* ChatMainCollectionViewCell.swift in Sources */,
				1BA8F97A2664CF7200FB4009 /* SceneDelegate.swift in Sources */,
				1BF874D62664E5DE00912156 /* UIView+Extension.swift in Sources */,
				1B2A2E6A266C8491002AF0D3 /* SimpleConfirmAlertController.swift in Sources */,
				1BF874D02664DBF300912156 /* User.swift in Sources */,
				1BF874E42665B6D900912156 /* ProfileViewController.swift in Sources */,
				1B5B6EF72668670A00ABD0BB /* CustomView.swift in Sources */,
				1BF874D8266587DC00912156 /* ChatMainViewController.swift in Sources */,
				1B5B6EE82665F43E00ABD0BB /* CreateChatRoomViewController.swift in Sources */,
				1BF874E12665B0E700912156 /* ChatMainViewModel.swift in Sources */,
				1BF874E82665BC9B00912156 /* ChatRoomViewModel.swift in Sources */,
			);
			runOnlyForDeploymentPostprocessing = 0;
		};
		1BA8F9862664CF7400FB4009 /* Sources */ = {
			isa = PBXSourcesBuildPhase;
			buildActionMask = 2147483647;
			files = (
				1BA8F98F2664CF7400FB4009 /* BakingChatTests.swift in Sources */,
			);
			runOnlyForDeploymentPostprocessing = 0;
		};
		1BA8F9912664CF7400FB4009 /* Sources */ = {
			isa = PBXSourcesBuildPhase;
			buildActionMask = 2147483647;
			files = (
				1BA8F99A2664CF7400FB4009 /* BakingChatUITests.swift in Sources */,
			);
			runOnlyForDeploymentPostprocessing = 0;
		};
/* End PBXSourcesBuildPhase section */

/* Begin PBXTargetDependency section */
		1BA8F98C2664CF7400FB4009 /* PBXTargetDependency */ = {
			isa = PBXTargetDependency;
			target = 1BA8F9732664CF7200FB4009 /* BakingChat */;
			targetProxy = 1BA8F98B2664CF7400FB4009 /* PBXContainerItemProxy */;
		};
		1BA8F9972664CF7400FB4009 /* PBXTargetDependency */ = {
			isa = PBXTargetDependency;
			target = 1BA8F9732664CF7200FB4009 /* BakingChat */;
			targetProxy = 1BA8F9962664CF7400FB4009 /* PBXContainerItemProxy */;
		};
/* End PBXTargetDependency section */

/* Begin PBXVariantGroup section */
		1BA8F97D2664CF7200FB4009 /* Main.storyboard */ = {
			isa = PBXVariantGroup;
			children = (
				1BA8F97E2664CF7200FB4009 /* Base */,
			);
			name = Main.storyboard;
			sourceTree = "<group>";
		};
		1BA8F9822664CF7400FB4009 /* LaunchScreen.storyboard */ = {
			isa = PBXVariantGroup;
			children = (
				1BA8F9832664CF7400FB4009 /* Base */,
			);
			name = LaunchScreen.storyboard;
			sourceTree = "<group>";
		};
/* End PBXVariantGroup section */

/* Begin XCBuildConfiguration section */
		1BA8F99C2664CF7400FB4009 /* Debug */ = {
			isa = XCBuildConfiguration;
			buildSettings = {
				ALWAYS_SEARCH_USER_PATHS = NO;
				CLANG_ANALYZER_NONNULL = YES;
				CLANG_ANALYZER_NUMBER_OBJECT_CONVERSION = YES_AGGRESSIVE;
				CLANG_CXX_LANGUAGE_STANDARD = "gnu++14";
				CLANG_CXX_LIBRARY = "libc++";
				CLANG_ENABLE_MODULES = YES;
				CLANG_ENABLE_OBJC_ARC = YES;
				CLANG_ENABLE_OBJC_WEAK = YES;
				CLANG_WARN_BLOCK_CAPTURE_AUTORELEASING = YES;
				CLANG_WARN_BOOL_CONVERSION = YES;
				CLANG_WARN_COMMA = YES;
				CLANG_WARN_CONSTANT_CONVERSION = YES;
				CLANG_WARN_DEPRECATED_OBJC_IMPLEMENTATIONS = YES;
				CLANG_WARN_DIRECT_OBJC_ISA_USAGE = YES_ERROR;
				CLANG_WARN_DOCUMENTATION_COMMENTS = YES;
				CLANG_WARN_EMPTY_BODY = YES;
				CLANG_WARN_ENUM_CONVERSION = YES;
				CLANG_WARN_INFINITE_RECURSION = YES;
				CLANG_WARN_INT_CONVERSION = YES;
				CLANG_WARN_NON_LITERAL_NULL_CONVERSION = YES;
				CLANG_WARN_OBJC_IMPLICIT_RETAIN_SELF = YES;
				CLANG_WARN_OBJC_LITERAL_CONVERSION = YES;
				CLANG_WARN_OBJC_ROOT_CLASS = YES_ERROR;
				CLANG_WARN_QUOTED_INCLUDE_IN_FRAMEWORK_HEADER = YES;
				CLANG_WARN_RANGE_LOOP_ANALYSIS = YES;
				CLANG_WARN_STRICT_PROTOTYPES = YES;
				CLANG_WARN_SUSPICIOUS_MOVE = YES;
				CLANG_WARN_UNGUARDED_AVAILABILITY = YES_AGGRESSIVE;
				CLANG_WARN_UNREACHABLE_CODE = YES;
				CLANG_WARN__DUPLICATE_METHOD_MATCH = YES;
				COPY_PHASE_STRIP = NO;
				DEBUG_INFORMATION_FORMAT = dwarf;
				ENABLE_STRICT_OBJC_MSGSEND = YES;
				ENABLE_TESTABILITY = YES;
				GCC_C_LANGUAGE_STANDARD = gnu11;
				GCC_DYNAMIC_NO_PIC = NO;
				GCC_NO_COMMON_BLOCKS = YES;
				GCC_OPTIMIZATION_LEVEL = 0;
				GCC_PREPROCESSOR_DEFINITIONS = (
					"DEBUG=1",
					"$(inherited)",
				);
				GCC_WARN_64_TO_32_BIT_CONVERSION = YES;
				GCC_WARN_ABOUT_RETURN_TYPE = YES_ERROR;
				GCC_WARN_UNDECLARED_SELECTOR = YES;
				GCC_WARN_UNINITIALIZED_AUTOS = YES_AGGRESSIVE;
				GCC_WARN_UNUSED_FUNCTION = YES;
				GCC_WARN_UNUSED_VARIABLE = YES;
				IPHONEOS_DEPLOYMENT_TARGET = 14.5;
				MTL_ENABLE_DEBUG_INFO = INCLUDE_SOURCE;
				MTL_FAST_MATH = YES;
				ONLY_ACTIVE_ARCH = YES;
				SDKROOT = iphoneos;
				SWIFT_ACTIVE_COMPILATION_CONDITIONS = DEBUG;
				SWIFT_OPTIMIZATION_LEVEL = "-Onone";
			};
			name = Debug;
		};
		1BA8F99D2664CF7400FB4009 /* Release */ = {
			isa = XCBuildConfiguration;
			buildSettings = {
				ALWAYS_SEARCH_USER_PATHS = NO;
				CLANG_ANALYZER_NONNULL = YES;
				CLANG_ANALYZER_NUMBER_OBJECT_CONVERSION = YES_AGGRESSIVE;
				CLANG_CXX_LANGUAGE_STANDARD = "gnu++14";
				CLANG_CXX_LIBRARY = "libc++";
				CLANG_ENABLE_MODULES = YES;
				CLANG_ENABLE_OBJC_ARC = YES;
				CLANG_ENABLE_OBJC_WEAK = YES;
				CLANG_WARN_BLOCK_CAPTURE_AUTORELEASING = YES;
				CLANG_WARN_BOOL_CONVERSION = YES;
				CLANG_WARN_COMMA = YES;
				CLANG_WARN_CONSTANT_CONVERSION = YES;
				CLANG_WARN_DEPRECATED_OBJC_IMPLEMENTATIONS = YES;
				CLANG_WARN_DIRECT_OBJC_ISA_USAGE = YES_ERROR;
				CLANG_WARN_DOCUMENTATION_COMMENTS = YES;
				CLANG_WARN_EMPTY_BODY = YES;
				CLANG_WARN_ENUM_CONVERSION = YES;
				CLANG_WARN_INFINITE_RECURSION = YES;
				CLANG_WARN_INT_CONVERSION = YES;
				CLANG_WARN_NON_LITERAL_NULL_CONVERSION = YES;
				CLANG_WARN_OBJC_IMPLICIT_RETAIN_SELF = YES;
				CLANG_WARN_OBJC_LITERAL_CONVERSION = YES;
				CLANG_WARN_OBJC_ROOT_CLASS = YES_ERROR;
				CLANG_WARN_QUOTED_INCLUDE_IN_FRAMEWORK_HEADER = YES;
				CLANG_WARN_RANGE_LOOP_ANALYSIS = YES;
				CLANG_WARN_STRICT_PROTOTYPES = YES;
				CLANG_WARN_SUSPICIOUS_MOVE = YES;
				CLANG_WARN_UNGUARDED_AVAILABILITY = YES_AGGRESSIVE;
				CLANG_WARN_UNREACHABLE_CODE = YES;
				CLANG_WARN__DUPLICATE_METHOD_MATCH = YES;
				COPY_PHASE_STRIP = NO;
				DEBUG_INFORMATION_FORMAT = "dwarf-with-dsym";
				ENABLE_NS_ASSERTIONS = NO;
				ENABLE_STRICT_OBJC_MSGSEND = YES;
				GCC_C_LANGUAGE_STANDARD = gnu11;
				GCC_NO_COMMON_BLOCKS = YES;
				GCC_WARN_64_TO_32_BIT_CONVERSION = YES;
				GCC_WARN_ABOUT_RETURN_TYPE = YES_ERROR;
				GCC_WARN_UNDECLARED_SELECTOR = YES;
				GCC_WARN_UNINITIALIZED_AUTOS = YES_AGGRESSIVE;
				GCC_WARN_UNUSED_FUNCTION = YES;
				GCC_WARN_UNUSED_VARIABLE = YES;
				IPHONEOS_DEPLOYMENT_TARGET = 14.5;
				MTL_ENABLE_DEBUG_INFO = NO;
				MTL_FAST_MATH = YES;
				SDKROOT = iphoneos;
				SWIFT_COMPILATION_MODE = wholemodule;
				SWIFT_OPTIMIZATION_LEVEL = "-O";
				VALIDATE_PRODUCT = YES;
			};
			name = Release;
		};
		1BA8F99F2664CF7400FB4009 /* Debug */ = {
			isa = XCBuildConfiguration;
			baseConfigurationReference = 59CD9FF3C5C18EB4C1493E7B /* Pods-BakingChat.debug.xcconfig */;
			buildSettings = {
				ASSETCATALOG_COMPILER_APPICON_NAME = AppIcon;
				ASSETCATALOG_COMPILER_GLOBAL_ACCENT_COLOR_NAME = AccentColor;
				CODE_SIGN_ENTITLEMENTS = BakingChat/BakingChat.entitlements;
				CODE_SIGN_IDENTITY = "Apple Development";
				CODE_SIGN_STYLE = Automatic;
				DEVELOPMENT_TEAM = L3ZPWB4HNK;
				INFOPLIST_FILE = BakingChat/Info.plist;
				LD_RUNPATH_SEARCH_PATHS = (
					"$(inherited)",
					"@executable_path/Frameworks",
				);
				PRODUCT_BUNDLE_IDENTIFIER = com.sanghwiback.BakingChat;
				PRODUCT_NAME = "$(TARGET_NAME)";
				PROVISIONING_PROFILE_SPECIFIER = "";
				SWIFT_VERSION = 5.0;
				TARGETED_DEVICE_FAMILY = "1,2";
			};
			name = Debug;
		};
		1BA8F9A02664CF7400FB4009 /* Release */ = {
			isa = XCBuildConfiguration;
			baseConfigurationReference = DD77065FBD9B1B32FC3DE6EB /* Pods-BakingChat.release.xcconfig */;
			buildSettings = {
				ASSETCATALOG_COMPILER_APPICON_NAME = AppIcon;
				ASSETCATALOG_COMPILER_GLOBAL_ACCENT_COLOR_NAME = AccentColor;
				CODE_SIGN_ENTITLEMENTS = BakingChat/BakingChat.entitlements;
				CODE_SIGN_IDENTITY = "Apple Development";
				CODE_SIGN_STYLE = Automatic;
				DEVELOPMENT_TEAM = L3ZPWB4HNK;
				INFOPLIST_FILE = BakingChat/Info.plist;
				LD_RUNPATH_SEARCH_PATHS = (
					"$(inherited)",
					"@executable_path/Frameworks",
				);
				PRODUCT_BUNDLE_IDENTIFIER = com.sanghwiback.BakingChat;
				PRODUCT_NAME = "$(TARGET_NAME)";
				PROVISIONING_PROFILE_SPECIFIER = "";
				SWIFT_VERSION = 5.0;
				TARGETED_DEVICE_FAMILY = "1,2";
			};
			name = Release;
		};
		1BA8F9A22664CF7400FB4009 /* Debug */ = {
			isa = XCBuildConfiguration;
			baseConfigurationReference = AA13D866D846C47950619AD4 /* Pods-BakingChatTests.debug.xcconfig */;
			buildSettings = {
				ALWAYS_EMBED_SWIFT_STANDARD_LIBRARIES = YES;
				BUNDLE_LOADER = "$(TEST_HOST)";
				CODE_SIGN_STYLE = Automatic;
				DEVELOPMENT_TEAM = L3ZPWB4HNK;
				INFOPLIST_FILE = BakingChatTests/Info.plist;
				IPHONEOS_DEPLOYMENT_TARGET = 14.5;
				LD_RUNPATH_SEARCH_PATHS = (
					"$(inherited)",
					"@executable_path/Frameworks",
					"@loader_path/Frameworks",
				);
				PRODUCT_BUNDLE_IDENTIFIER = com.sanghwiback.BakingChatTests;
				PRODUCT_NAME = "$(TARGET_NAME)";
				SWIFT_VERSION = 5.0;
				TARGETED_DEVICE_FAMILY = "1,2";
				TEST_HOST = "$(BUILT_PRODUCTS_DIR)/BakingChat.app/BakingChat";
			};
			name = Debug;
		};
		1BA8F9A32664CF7400FB4009 /* Release */ = {
			isa = XCBuildConfiguration;
			baseConfigurationReference = 92B8BD17FCF85EDD588A9364 /* Pods-BakingChatTests.release.xcconfig */;
			buildSettings = {
				ALWAYS_EMBED_SWIFT_STANDARD_LIBRARIES = YES;
				BUNDLE_LOADER = "$(TEST_HOST)";
				CODE_SIGN_STYLE = Automatic;
				DEVELOPMENT_TEAM = L3ZPWB4HNK;
				INFOPLIST_FILE = BakingChatTests/Info.plist;
				IPHONEOS_DEPLOYMENT_TARGET = 14.5;
				LD_RUNPATH_SEARCH_PATHS = (
					"$(inherited)",
					"@executable_path/Frameworks",
					"@loader_path/Frameworks",
				);
				PRODUCT_BUNDLE_IDENTIFIER = com.sanghwiback.BakingChatTests;
				PRODUCT_NAME = "$(TARGET_NAME)";
				SWIFT_VERSION = 5.0;
				TARGETED_DEVICE_FAMILY = "1,2";
				TEST_HOST = "$(BUILT_PRODUCTS_DIR)/BakingChat.app/BakingChat";
			};
			name = Release;
		};
		1BA8F9A52664CF7400FB4009 /* Debug */ = {
			isa = XCBuildConfiguration;
			baseConfigurationReference = 7A3AA0D0E8D0654C4D06E3BD /* Pods-BakingChat-BakingChatUITests.debug.xcconfig */;
			buildSettings = {
				ALWAYS_EMBED_SWIFT_STANDARD_LIBRARIES = YES;
				CODE_SIGN_STYLE = Automatic;
				DEVELOPMENT_TEAM = L3ZPWB4HNK;
				INFOPLIST_FILE = BakingChatUITests/Info.plist;
				LD_RUNPATH_SEARCH_PATHS = (
					"$(inherited)",
					"@executable_path/Frameworks",
					"@loader_path/Frameworks",
				);
				PRODUCT_BUNDLE_IDENTIFIER = com.sanghwiback.BakingChatUITests;
				PRODUCT_NAME = "$(TARGET_NAME)";
				SWIFT_VERSION = 5.0;
				TARGETED_DEVICE_FAMILY = "1,2";
				TEST_TARGET_NAME = BakingChat;
			};
			name = Debug;
		};
		1BA8F9A62664CF7400FB4009 /* Release */ = {
			isa = XCBuildConfiguration;
			baseConfigurationReference = C3B0F63E36691AB85B02EF07 /* Pods-BakingChat-BakingChatUITests.release.xcconfig */;
			buildSettings = {
				ALWAYS_EMBED_SWIFT_STANDARD_LIBRARIES = YES;
				CODE_SIGN_STYLE = Automatic;
				DEVELOPMENT_TEAM = L3ZPWB4HNK;
				INFOPLIST_FILE = BakingChatUITests/Info.plist;
				LD_RUNPATH_SEARCH_PATHS = (
					"$(inherited)",
					"@executable_path/Frameworks",
					"@loader_path/Frameworks",
				);
				PRODUCT_BUNDLE_IDENTIFIER = com.sanghwiback.BakingChatUITests;
				PRODUCT_NAME = "$(TARGET_NAME)";
				SWIFT_VERSION = 5.0;
				TARGETED_DEVICE_FAMILY = "1,2";
				TEST_TARGET_NAME = BakingChat;
			};
			name = Release;
		};
/* End XCBuildConfiguration section */

/* Begin XCConfigurationList section */
		1BA8F96F2664CF7200FB4009 /* Build configuration list for PBXProject "BakingChat" */ = {
			isa = XCConfigurationList;
			buildConfigurations = (
				1BA8F99C2664CF7400FB4009 /* Debug */,
				1BA8F99D2664CF7400FB4009 /* Release */,
			);
			defaultConfigurationIsVisible = 0;
			defaultConfigurationName = Release;
		};
		1BA8F99E2664CF7400FB4009 /* Build configuration list for PBXNativeTarget "BakingChat" */ = {
			isa = XCConfigurationList;
			buildConfigurations = (
				1BA8F99F2664CF7400FB4009 /* Debug */,
				1BA8F9A02664CF7400FB4009 /* Release */,
			);
			defaultConfigurationIsVisible = 0;
			defaultConfigurationName = Release;
		};
		1BA8F9A12664CF7400FB4009 /* Build configuration list for PBXNativeTarget "BakingChatTests" */ = {
			isa = XCConfigurationList;
			buildConfigurations = (
				1BA8F9A22664CF7400FB4009 /* Debug */,
				1BA8F9A32664CF7400FB4009 /* Release */,
			);
			defaultConfigurationIsVisible = 0;
			defaultConfigurationName = Release;
		};
		1BA8F9A42664CF7400FB4009 /* Build configuration list for PBXNativeTarget "BakingChatUITests" */ = {
			isa = XCConfigurationList;
			buildConfigurations = (
				1BA8F9A52664CF7400FB4009 /* Debug */,
				1BA8F9A62664CF7400FB4009 /* Release */,
			);
			defaultConfigurationIsVisible = 0;
			defaultConfigurationName = Release;
		};
/* End XCConfigurationList section */
	};
	rootObject = 1BA8F96C2664CF7100FB4009 /* Project object */;
}
